<?xml version="1.0" encoding="utf-8"?>
<Project ToolsVersion="4.0" xmlns="http://schemas.microsoft.com/developer/msbuild/2003">
  <ItemGroup>
    <Filter Include="Source Files">
      <UniqueIdentifier>{4FC737F1-C7A5-4376-A066-2A32D752A2FF}</UniqueIdentifier>
      <Extensions>cpp;c;cc;cxx;c++;def;odl;idl;hpj;bat;asm;asmx</Extensions>
    </Filter>
    <Filter Include="Header Files">
      <UniqueIdentifier>{93995380-89BD-4b04-88EB-625FBE52EBFB}</UniqueIdentifier>
      <Extensions>h;hh;hpp;hxx;h++;hm;inl;inc;ipp;xsd</Extensions>
    </Filter>
    <Filter Include="Resource Files">
      <UniqueIdentifier>{67DA6AB6-F800-4c08-8B7A-83BB121AAD01}</UniqueIdentifier>
      <Extensions>rc;ico;cur;bmp;dlg;rc2;rct;bin;rgs;gif;jpg;jpeg;jpe;resx;tiff;tif;png;wav;mfcribbon-ms</Extensions>
    </Filter>
    <Filter Include="Source Files\Input">
      <UniqueIdentifier>{0c793ff8-cf53-41c5-a22c-71c2adba4e00}</UniqueIdentifier>
    </Filter>
    <Filter Include="Source Files\Combos">
      <UniqueIdentifier>{c09d753d-9285-45ad-b9b9-b20df971125d}</UniqueIdentifier>
    </Filter>
    <Filter Include="Source Files\Includes">
      <UniqueIdentifier>{e17025d3-6e69-4893-8879-b27b24e8673b}</UniqueIdentifier>
    </Filter>
    <Filter Include="Source Files\Navigation">
      <UniqueIdentifier>{5ef19296-2b81-4ae1-aca2-5d38d9a051c9}</UniqueIdentifier>
    </Filter>
    <Filter Include="Source Files\Utils">
      <UniqueIdentifier>{e038444e-4666-49b6-8d6e-3e0b965e3af7}</UniqueIdentifier>
    </Filter>
    <Filter Include="Source Files\Libs">
      <UniqueIdentifier>{8854b7f2-2529-4450-b2c7-afc00bbc2cdb}</UniqueIdentifier>
    </Filter>
    <Filter Include="Source Files\Debug">
      <UniqueIdentifier>{b923b5f0-302b-4574-977c-cc00ded81b12}</UniqueIdentifier>
    </Filter>
    <Filter Include="Source Files\Scripting">
      <UniqueIdentifier>{5ddd92ae-669a-4a6f-a877-09f36da6633b}</UniqueIdentifier>
    </Filter>
    <Filter Include="Source Files\Support">
      <UniqueIdentifier>{5a286a10-cc87-4445-a998-b21008b8bf57}</UniqueIdentifier>
    </Filter>
    <Filter Include="Source Files\Resources">
      <UniqueIdentifier>{cf7d35fe-b2fd-4d1f-a78a-23405c62c79e}</UniqueIdentifier>
    </Filter>
    <Filter Include="Source Files\Serialization">
      <UniqueIdentifier>{731f41e2-648a-47a6-bc11-33a6d38dd65f}</UniqueIdentifier>
    </Filter>
    <Filter Include="Source Files\ObjectManagement">
      <UniqueIdentifier>{446cb634-87e5-4281-8485-1d87b5ba81ea}</UniqueIdentifier>
    </Filter>
    <Filter Include="Source Files\Machine">
      <UniqueIdentifier>{81af9860-4b5f-4fbe-bc34-4b04d4608f96}</UniqueIdentifier>
    </Filter>
    <Filter Include="Source Files\Geometry">
      <UniqueIdentifier>{3d0eb2ff-2542-4382-810f-ef60d6d19487}</UniqueIdentifier>
    </Filter>
  </ItemGroup>
  <ItemGroup>
    <ClInclude Include="include\Includes\Allegro.h">
      <Filter>Source Files\Includes</Filter>
    </ClInclude>
    <ClInclude Include="include\Includes\EnumFlags.h">
      <Filter>Source Files\Includes</Filter>
    </ClInclude>
    <ClInclude Include="include\Includes\Format.h">
      <Filter>Source Files\Includes</Filter>
    </ClInclude>
    <ClInclude Include="include\Includes\GLM.h">
      <Filter>Source Files\Includes</Filter>
    </ClInclude>
    <ClInclude Include="include\Includes\JSON.h">
      <Filter>Source Files\Includes</Filter>
    </ClInclude>
    <ClInclude Include="include\Includes\MagicEnum.h">
      <Filter>Source Files\Includes</Filter>
    </ClInclude>
    <ClInclude Include="include\Combos\Align+GLM.h">
      <Filter>Source Files\Combos</Filter>
    </ClInclude>
    <ClInclude Include="include\Combos\EnumFlags+JSON.h">
      <Filter>Source Files\Combos</Filter>
    </ClInclude>
    <ClInclude Include="include\Combos\GLM+JSON.h">
      <Filter>Source Files\Combos</Filter>
    </ClInclude>
    <ClInclude Include="include\Utils\PanZoomer.h">
      <Filter>Source Files\Utils</Filter>
    </ClInclude>
    <ClInclude Include="include\Combos\Format+GLM.h">
      <Filter>Source Files\Combos</Filter>
    </ClInclude>
    <ClInclude Include="include\Includes\Assuming.h">
      <Filter>Source Files\Includes</Filter>
    </ClInclude>
    <ClInclude Include="include\Align.h">
      <Filter>Source Files</Filter>
    </ClInclude>
    <ClInclude Include="include\Animations.h">
      <Filter>Source Files</Filter>
    </ClInclude>
    <ClInclude Include="include\Camera.h">
      <Filter>Source Files</Filter>
    </ClInclude>
    <ClInclude Include="include\Colors.h">
      <Filter>Source Files</Filter>
    </ClInclude>
    <ClInclude Include="include\Common.h">
      <Filter>Source Files</Filter>
    </ClInclude>
    <ClInclude Include="include\Transformable.h">
      <Filter>Source Files</Filter>
    </ClInclude>
    <ClInclude Include="include\Input\AllegroInput.h">
      <Filter>Source Files\Input</Filter>
    </ClInclude>
    <ClInclude Include="include\Input\InputDevice.h">
      <Filter>Source Files\Input</Filter>
    </ClInclude>
    <ClInclude Include="include\Input\InputSystem.h">
      <Filter>Source Files\Input</Filter>
    </ClInclude>
    <ClInclude Include="IResource.h">
      <Filter>Header Files</Filter>
    </ClInclude>
    <ClInclude Include="include\Navigation\Navigation.h">
      <Filter>Source Files\Navigation</Filter>
    </ClInclude>
    <ClInclude Include="include\Navigation\Grid.h">
      <Filter>Source Files\Navigation</Filter>
    </ClInclude>
    <ClInclude Include="include\Navigation\Grid.impl.h">
      <Filter>Source Files\Navigation</Filter>
    </ClInclude>
    <ClInclude Include="include\Navigation\Navigation.impl.h">
      <Filter>Source Files\Navigation</Filter>
    </ClInclude>
    <ClInclude Include="include\Navigation\Squares.h">
      <Filter>Source Files\Navigation</Filter>
    </ClInclude>
    <ClInclude Include="include\Navigation\Maze.h">
      <Filter>Source Files\Navigation</Filter>
    </ClInclude>
    <ClInclude Include="include\Random.h">
      <Filter>Source Files</Filter>
    </ClInclude>
    <ClInclude Include="include\Timing.h">
      <Filter>Source Files</Filter>
    </ClInclude>
    <ClInclude Include="lib\imgui-allegro\imgui-Allegro.h">
      <Filter>Source Files\Libs</Filter>
    </ClInclude>
    <ClInclude Include="lib\imgui-allegro\imgui_impl_allegro5.h">
      <Filter>Source Files\Libs</Filter>
    </ClInclude>
    <ClInclude Include="include\Debug\AllegroImGuiDebugger.h">
      <Filter>Source Files\Debug</Filter>
    </ClInclude>
    <ClInclude Include="include\Debug\ImGuiUtils.h">
      <Filter>Source Files\Debug</Filter>
    </ClInclude>
    <ClInclude Include="include\Text\TextField.h">
      <Filter>Source Files</Filter>
    </ClInclude>
    <ClInclude Include="include\Serialization\IArchiver.h">
      <Filter>Source Files\Serialization</Filter>
    </ClInclude>
    <ClInclude Include="include\Serialization\CSV.h">
      <Filter>Source Files\Serialization</Filter>
    </ClInclude>
    <ClInclude Include="include\Buffers.h">
      <Filter>Source Files\Serialization</Filter>
    </ClInclude>
    <ClInclude Include="include\Serialization\IOStreamBuffers.h">
      <Filter>Source Files\Serialization</Filter>
    </ClInclude>
    <ClInclude Include="include\Serialization\StringBuffers.h">
      <Filter>Source Files\Serialization</Filter>
    </ClInclude>
    <ClInclude Include="include\ErrorReporter.h">
      <Filter>Source Files\Support</Filter>
    </ClInclude>
    <ClInclude Include="include\Debugger.h">
      <Filter>Source Files\Support</Filter>
    </ClInclude>
    <ClInclude Include="include\Resources\Files.h">
      <Filter>Source Files\Resources</Filter>
    </ClInclude>
    <ClInclude Include="include\Resources\Files.impl.h">
      <Filter>Source Files\Resources</Filter>
    </ClInclude>
    <ClInclude Include="include\Machine\IMachine.h">
      <Filter>Source Files\Machine</Filter>
    </ClInclude>
    <ClInclude Include="include\Machine\IPlayer.h">
      <Filter>Source Files\Machine</Filter>
    </ClInclude>
    <ClInclude Include="include\Machine\IIdentity.h">
      <Filter>Source Files\Machine</Filter>
    </ClInclude>
    <ClInclude Include="Signals.h">
      <Filter>Source Files\Utils</Filter>
    </ClInclude>
    <ClInclude Include="include\Machine\IHardwareDevice.h">
      <Filter>Source Files\Machine</Filter>
    </ClInclude>
    <ClInclude Include="include\Geometry\Capsule.h">
      <Filter>Source Files\Geometry</Filter>
    </ClInclude>
    <ClInclude Include="include\Geometry\Circle.h">
      <Filter>Source Files\Geometry</Filter>
    </ClInclude>
    <ClInclude Include="include\Geometry\Ellipse.h">
      <Filter>Source Files\Geometry</Filter>
    </ClInclude>
    <ClInclude Include="include\Geometry\Polygon.h">
      <Filter>Source Files\Geometry</Filter>
    </ClInclude>
    <ClInclude Include="include\Geometry\Segment.h">
      <Filter>Source Files\Geometry</Filter>
    </ClInclude>
    <ClInclude Include="include\Geometry\Triangle.h">
      <Filter>Source Files\Geometry</Filter>
    </ClInclude>
    <ClInclude Include="include\Geometry\Discretize.h">
      <Filter>Source Files\Geometry</Filter>
    </ClInclude>
    <ClInclude Include="include\Geometry\ShapeConcept.h">
      <Filter>Source Files\Geometry</Filter>
    </ClInclude>
    <ClInclude Include="include\Geometry\Segmentize.h">
      <Filter>Source Files\Geometry</Filter>
    </ClInclude>
    <ClInclude Include="include\Geometry\Triangulate.h">
      <Filter>Source Files\Geometry</Filter>
    </ClInclude>
    <ClInclude Include="include\Geometry\RandomPoint.h">
      <Filter>Source Files\Geometry</Filter>
    </ClInclude>
    <ClInclude Include="include\Geometry\Ray.h">
      <Filter>Source Files\Geometry</Filter>
    </ClInclude>
    <ClInclude Include="include\Geometry\Intersection.h">
      <Filter>Source Files\Geometry</Filter>
    </ClInclude>
    <ClInclude Include="include\Geometry\RayCast.h">
      <Filter>Source Files\Geometry</Filter>
    </ClInclude>
    <ClInclude Include="include\Geometry\Collision.h">
      <Filter>Source Files\Geometry</Filter>
    </ClInclude>
    <ClInclude Include="include\Utils\MemberSpan.h">
      <Filter>Source Files\Utils</Filter>
    </ClInclude>
    <ClInclude Include="include\Debug\Statistics.h">
      <Filter>Source Files\Debug</Filter>
    </ClInclude>
  </ItemGroup>
  <ItemGroup>
    <ClCompile Include="include\Camera.cpp">
      <Filter>Source Files</Filter>
    </ClCompile>
    <ClCompile Include="include\Transformable.cpp">
      <Filter>Source Files</Filter>
    </ClCompile>
    <ClCompile Include="include\Input\AllegroInput.cpp">
      <Filter>Source Files\Input</Filter>
    </ClCompile>
    <ClCompile Include="include\Input\InputDevice.cpp">
      <Filter>Source Files\Input</Filter>
    </ClCompile>
    <ClCompile Include="include\Input\InputSystem.cpp">
      <Filter>Source Files\Input</Filter>
    </ClCompile>
    <ClCompile Include="include\Navigation\Navigation.cpp">
      <Filter>Source Files\Navigation</Filter>
    </ClCompile>
    <ClCompile Include="lib\imgui-allegro\imgui-Allegro.cpp">
      <Filter>Source Files\Libs</Filter>
    </ClCompile>
    <ClCompile Include="lib\imgui-allegro\imgui_impl_allegro5.cpp">
      <Filter>Source Files\Libs</Filter>
    </ClCompile>
    <ClCompile Include="src\AllegroImGuiDebugger.cpp">
      <Filter>Source Files\Debug</Filter>
    </ClCompile>
    <ClCompile Include="include\Text\TextField.cpp">
      <Filter>Source Files</Filter>
    </ClCompile>
    <ClCompile Include="src\ErrorReporter.cpp">
      <Filter>Source Files\Support</Filter>
    </ClCompile>
    <ClCompile Include="src\Debug\Debugger.cpp">
      <Filter>Source Files\Support</Filter>
    </ClCompile>
    <ClCompile Include="include\Timing.cpp">
      <Filter>Source Files</Filter>
    </ClCompile>
    <ClCompile Include="include\Machine\IPlayer.cpp">
      <Filter>Source Files\Machine</Filter>
    </ClCompile>
  </ItemGroup>
</Project>