<?xml version="1.0" encoding="utf-8"?>
<Project ToolsVersion="4.0" xmlns="http://schemas.microsoft.com/developer/msbuild/2003">
  <ItemGroup>
    <Filter Include="Source Files">
      <UniqueIdentifier>{4FC737F1-C7A5-4376-A066-2A32D752A2FF}</UniqueIdentifier>
      <Extensions>cpp;c;cc;cxx;c++;def;odl;idl;hpj;bat;asm;asmx</Extensions>
    </Filter>
    <Filter Include="Header Files">
      <UniqueIdentifier>{93995380-89BD-4b04-88EB-625FBE52EBFB}</UniqueIdentifier>
      <Extensions>h;hh;hpp;hxx;h++;hm;inl;inc;ipp;xsd</Extensions>
    </Filter>
    <Filter Include="Resource Files">
      <UniqueIdentifier>{67DA6AB6-F800-4c08-8B7A-83BB121AAD01}</UniqueIdentifier>
      <Extensions>rc;ico;cur;bmp;dlg;rc2;rct;bin;rgs;gif;jpg;jpeg;jpe;resx;tiff;tif;png;wav;mfcribbon-ms</Extensions>
    </Filter>
    <Filter Include="Source Files\Input">
      <UniqueIdentifier>{0c793ff8-cf53-41c5-a22c-71c2adba4e00}</UniqueIdentifier>
    </Filter>
    <Filter Include="Source Files\Combos">
      <UniqueIdentifier>{c09d753d-9285-45ad-b9b9-b20df971125d}</UniqueIdentifier>
    </Filter>
    <Filter Include="Source Files\Includes">
      <UniqueIdentifier>{e17025d3-6e69-4893-8879-b27b24e8673b}</UniqueIdentifier>
    </Filter>
    <Filter Include="Source Files\Navigation">
      <UniqueIdentifier>{5ef19296-2b81-4ae1-aca2-5d38d9a051c9}</UniqueIdentifier>
    </Filter>
    <Filter Include="Source Files\Resources">
      <UniqueIdentifier>{a0252d04-6cb7-4e06-80ae-76f32a299504}</UniqueIdentifier>
    </Filter>
    <Filter Include="Source Files\Utils">
      <UniqueIdentifier>{e038444e-4666-49b6-8d6e-3e0b965e3af7}</UniqueIdentifier>
    </Filter>
  </ItemGroup>
  <ItemGroup>
    <ClInclude Include="include\Includes\Allegro.h">
      <Filter>Source Files\Includes</Filter>
    </ClInclude>
    <ClInclude Include="include\Includes\EnumFlags.h">
      <Filter>Source Files\Includes</Filter>
    </ClInclude>
    <ClInclude Include="include\Includes\Format.h">
      <Filter>Source Files\Includes</Filter>
    </ClInclude>
    <ClInclude Include="include\Includes\GLM.h">
      <Filter>Source Files\Includes</Filter>
    </ClInclude>
    <ClInclude Include="include\Includes\JSON.h">
      <Filter>Source Files\Includes</Filter>
    </ClInclude>
    <ClInclude Include="include\Includes\MagicEnum.h">
      <Filter>Source Files\Includes</Filter>
    </ClInclude>
    <ClInclude Include="include\Combos\Align+GLM.h">
      <Filter>Source Files\Combos</Filter>
    </ClInclude>
    <ClInclude Include="include\Combos\EnumFlags+JSON.h">
      <Filter>Source Files\Combos</Filter>
    </ClInclude>
    <ClInclude Include="include\Combos\GLM+JSON.h">
      <Filter>Source Files\Combos</Filter>
    </ClInclude>
    <ClInclude Include="include\Utils\PanZoomer.h">
      <Filter>Source Files\Utils</Filter>
    </ClInclude>
    <ClInclude Include="include\Combos\Format+GLM.h">
      <Filter>Source Files\Combos</Filter>
    </ClInclude>
    <ClInclude Include="include\Includes\Assuming.h">
      <Filter>Source Files\Includes</Filter>
    </ClInclude>
    <ClInclude Include="include\Align.h">
      <Filter>Source Files</Filter>
    </ClInclude>
    <ClInclude Include="include\Animations.h">
      <Filter>Source Files</Filter>
    </ClInclude>
    <ClInclude Include="include\Camera.h">
      <Filter>Source Files</Filter>
    </ClInclude>
    <ClInclude Include="include\Colors.h">
      <Filter>Source Files</Filter>
    </ClInclude>
    <ClInclude Include="include\Common.h">
      <Filter>Source Files</Filter>
    </ClInclude>
    <ClInclude Include="include\Debugger.h">
      <Filter>Source Files</Filter>
    </ClInclude>
    <ClInclude Include="include\ErrorReporter.h">
      <Filter>Source Files</Filter>
    </ClInclude>
    <ClInclude Include="include\Transformable.h">
      <Filter>Source Files</Filter>
    </ClInclude>
    <ClInclude Include="include\Input\AllegroInput.h">
      <Filter>Source Files\Input</Filter>
    </ClInclude>
    <ClInclude Include="include\Input\InputDevice.h">
      <Filter>Source Files\Input</Filter>
    </ClInclude>
    <ClInclude Include="include\Input\InputSystem.h">
      <Filter>Source Files\Input</Filter>
    </ClInclude>
    <ClInclude Include="IResource.h">
      <Filter>Header Files</Filter>
    </ClInclude>
    <ClInclude Include="include\Resources\Resource.h">
      <Filter>Source Files\Resources</Filter>
    </ClInclude>
    <ClInclude Include="include\Navigation\Navigation.h">
      <Filter>Source Files\Navigation</Filter>
    </ClInclude>
    <ClInclude Include="include\Navigation\Grid.h">
      <Filter>Source Files\Navigation</Filter>
    </ClInclude>
    <ClInclude Include="include\Navigation\Grid.impl.h">
      <Filter>Source Files\Navigation</Filter>
    </ClInclude>
    <ClInclude Include="include\Navigation\Navigation.impl.h">
      <Filter>Source Files\Navigation</Filter>
    </ClInclude>
    <ClInclude Include="include\Navigation\Squares.h">
      <Filter>Source Files\Navigation</Filter>
    </ClInclude>
    <ClInclude Include="include\Navigation\Maze.h">
      <Filter>Source Files\Navigation</Filter>
    </ClInclude>
    <ClInclude Include="include\Random.h">
      <Filter>Source Files</Filter>
    </ClInclude>
    <ClInclude Include="include\Timing.h">
      <Filter>Source Files</Filter>
    </ClInclude>
    <ClInclude Include="include\Timing.impl.h">
      <Filter>Source Files</Filter>
    </ClInclude>
  </ItemGroup>
  <ItemGroup>
    <ClCompile Include="include\Camera.cpp">
      <Filter>Source Files</Filter>
    </ClCompile>
    <ClCompile Include="include\Transformable.cpp">
      <Filter>Source Files</Filter>
    </ClCompile>
    <ClCompile Include="include\Input\AllegroInput.cpp">
      <Filter>Source Files\Input</Filter>
    </ClCompile>
    <ClCompile Include="include\Input\InputDevice.cpp">
      <Filter>Source Files\Input</Filter>
    </ClCompile>
    <ClCompile Include="include\Input\InputSystem.cpp">
      <Filter>Source Files\Input</Filter>
    </ClCompile>
    <ClCompile Include="src\ErrorReporter.cpp">
      <Filter>Source Files</Filter>
    </ClCompile>
    <ClCompile Include="include\Navigation\Navigation.cpp">
      <Filter>Source Files\Navigation</Filter>
    </ClCompile>
  </ItemGroup>
</Project>